<?xml version="1.0" encoding="utf-8"?>
<Project ToolsVersion="4.0" xmlns="http://schemas.microsoft.com/developer/msbuild/2003">
  <ItemGroup>
    <Filter Include="Scenes">
      <UniqueIdentifier>{528993de-a2a5-483e-a267-d0edfd160d6f}</UniqueIdentifier>
    </Filter>
  </ItemGroup>
  <ItemGroup>
    <ClInclude Include="gaLoadScenes.h">
      <Filter>Scenes</Filter>
    </ClInclude>
    <ClInclude Include="gaPlayScene.h" />
  </ItemGroup>
  <ItemGroup>
    <ClCompile Include="gaPlayScene.cpp" />
  </ItemGroup>
</Project>